# @generated - this file is auto-generated by `mise lock` https://mise.jdx.dev/dev-tools/mise-lock.html

[[tools.1password]]
version = "2.35.0"
backend = "vfox:mise-plugins/vfox-1password"

[tools.1password."platforms.macos-arm64"]
url = "https://cache.agilebits.com/dist/1P/op2/pkg/v2.35.0/op_darwin_arm64_v2.35.0.zip"

[tools.1password."platforms.macos-x64"]
url = "https://cache.agilebits.com/dist/1P/op2/pkg/v2.35.0/op_darwin_amd64_v2.35.0.zip"

[[tools.actionlint]]
version = "1.7.12"
backend = "aqua:rhysd/actionlint"

[tools.actionlint."platforms.macos-arm64"]
checksum = "sha256:aba9ced2dee8d27fecca3dc7feb1a7f9a52caefa1eb46f3271ea66b6e0e6953f"
url = "https://github.com/rhysd/actionlint/releases/download/v1.7.12/actionlint_1.7.12_darwin_arm64.tar.gz"
url_api = "https://api.github.com/repos/rhysd/actionlint/releases/assets/384924893"
provenance = "github-attestations"

[tools.actionlint."platforms.macos-x64"]
checksum = "sha256:5b44c3bc2255115c9b69e30efc0fecdf498fdb63c5d58e17084fd5f16324c644"
url = "https://github.com/rhysd/actionlint/releases/download/v1.7.12/actionlint_1.7.12_darwin_amd64.tar.gz"
url_api = "https://api.github.com/repos/rhysd/actionlint/releases/assets/384924880"
provenance = "github-attestations"

[[tools.agy]]
version = "1.1.4"
backend = "aqua:google-antigravity/antigravity-cli"

[tools.agy."platforms.macos-arm64"]
checksum = "sha256:33ca693ecf8874dbb0b7746f588264e947b919c8f785130e60a7f261190d48dd"
url = "https://github.com/google-antigravity/antigravity-cli/releases/download/1.1.4/agy_cli_mac_arm64.tar.gz"
url_api = "https://api.github.com/repos/google-antigravity/antigravity-cli/releases/assets/480972241"

[tools.agy."platforms.macos-x64"]
checksum = "sha256:9aa56bfeadc83f724acd9e21e5349a688e029cd14592363425e432c57b81eaed"
url = "https://github.com/google-antigravity/antigravity-cli/releases/download/1.1.4/agy_cli_mac_x64.tar.gz"
url_api = "https://api.github.com/repos/google-antigravity/antigravity-cli/releases/assets/480972019"

[[tools."aqua:asciinema/agg"]]
version = "1.9.0"
backend = "aqua:asciinema/agg"

[tools."aqua:asciinema/agg"."platforms.macos-arm64"]
checksum = "sha256:742b2b6230529b72f310acb835e9479496000f2eabc97b0993cabe1d7fe70171"
url = "https://github.com/asciinema/agg/releases/download/v1.9.0/agg-aarch64-apple-darwin"
url_api = "https://api.github.com/repos/asciinema/agg/releases/assets/433215107"

[tools."aqua:asciinema/agg"."platforms.macos-x64"]
checksum = "sha256:1462150b611d231d2950d10a676303eaeb1019ff330735882aaae09b52e2e1c1"
url = "https://github.com/asciinema/agg/releases/download/v1.9.0/agg-x86_64-apple-darwin"
url_api = "https://api.github.com/repos/asciinema/agg/releases/assets/433215207"

[[tools."aqua:nushell/nushell"]]
version = "0.114.1"
backend = "aqua:nushell/nushell"

[tools."aqua:nushell/nushell"."platforms.macos-arm64"]
checksum = "sha256:cb0ac9b97b985cd217a952f44438a14d2df2a95504d9bd8bc01ec73e1351b179"
url = "https://github.com/nushell/nushell/releases/download/0.114.1/nu-0.114.1-aarch64-apple-darwin.tar.gz"
url_api = "https://api.github.com/repos/nushell/nushell/releases/assets/473629724"

[tools."aqua:nushell/nushell"."platforms.macos-x64"]
checksum = "sha256:4659a78545b7f6a303e661fe3bd276a765c64ccde67112d32045be5fe075f206"
url = "https://github.com/nushell/nushell/releases/download/0.114.1/nu-0.114.1-x86_64-apple-darwin.tar.gz"
url_api = "https://api.github.com/repos/nushell/nushell/releases/assets/473624186"

[[tools.argocd]]
version = "3.4.5"
backend = "aqua:argoproj/argo-cd"

[tools.argocd."platforms.macos-arm64"]
checksum = "sha256:5b8a4bc9a14bdcc722c03b75eeee1c10b391f61f1a754e692f6183de976730cd"
url = "https://github.com/argoproj/argo-cd/releases/download/v3.4.5/argocd-darwin-arm64"
url_api = "https://api.github.com/repos/argoproj/argo-cd/releases/assets/471546526"

[tools.argocd."platforms.macos-arm64".provenance.slsa]
url = "https://github.com/argoproj/argo-cd/releases/download/v3.4.5/argocd-cli.intoto.jsonl"

[tools.argocd."platforms.macos-x64"]
checksum = "sha256:fa0e870a43c7f8ee5d8aa74781ddfdc5ce45afe8c4261ec142811b82da67bfb8"
url = "https://github.com/argoproj/argo-cd/releases/download/v3.4.5/argocd-darwin-amd64"
url_api = "https://api.github.com/repos/argoproj/argo-cd/releases/assets/471546525"

[tools.argocd."platforms.macos-x64".provenance.slsa]
url = "https://github.com/argoproj/argo-cd/releases/download/v3.4.5/argocd-cli.intoto.jsonl"

[[tools.atuin]]
version = "18.17.1"
backend = "aqua:atuinsh/atuin"

[tools.atuin."platforms.macos-arm64"]
checksum = "sha256:f4f6ff23452d42d1e981c0878ade4f3edaee4bd5ce83c39b0d134d926ca04377"
url = "https://github.com/atuinsh/atuin/releases/download/v18.17.1/atuin-aarch64-apple-darwin.tar.gz"
url_api = "https://api.github.com/repos/atuinsh/atuin/releases/assets/477075557"
provenance = "github-attestations"

[[tools.aws]]
version = "2.36.2"
backend = "aqua:aws/aws-cli"

[tools.aws."platforms.macos-arm64"]
checksum = "blake3:261973c37d3692330c1e584ab65ad8411828c3ce44fda637e5d5eea02d969fd6"
url = "https://awscli.amazonaws.com/AWSCLIV2-2.36.2.pkg"

[tools.aws."platforms.macos-x64"]
url = "https://awscli.amazonaws.com/AWSCLIV2-2.36.2.pkg"

[[tools.bat]]
version = "0.26.1"
backend = "aqua:sharkdp/bat"

[tools.bat."platforms.macos-arm64"]
checksum = "sha256:e30beff26779c9bf60bb541e1d79046250cb74378f2757f8eb250afddb19e114"
url = "https://github.com/sharkdp/bat/releases/download/v0.26.1/bat-v0.26.1-aarch64-apple-darwin.tar.gz"
url_api = "https://api.github.com/repos/sharkdp/bat/releases/assets/323548442"

[tools.bat."platforms.macos-x64"]
checksum = "sha256:830d63b0bba1fa040542ec569e3cf77f60d3356b9de75116a344b061e0894245"
url = "https://github.com/sharkdp/bat/releases/download/v0.26.1/bat-v0.26.1-x86_64-apple-darwin.tar.gz"
url_api = "https://api.github.com/repos/sharkdp/bat/releases/assets/323549786"

[[tools.bun]]
version = "1.3.14"
backend = "core:bun"

[tools.bun."platforms.macos-arm64"]
checksum = "sha256:d8b96221828ad6f97ac7ac0ab7e95872341af763001e8803e8267652c2652620"
url = "https://github.com/oven-sh/bun/releases/download/bun-v1.3.14/bun-darwin-aarch64.zip"

[tools.bun."platforms.macos-x64"]
checksum = "sha256:4183df3374623e5bab315c547cfa0974533cd457d86b73b639f7a87974cd6633"
url = "https://github.com/oven-sh/bun/releases/download/bun-v1.3.14/bun-darwin-x64.zip"

[tools.bun."platforms.macos-x64-baseline"]
checksum = "sha256:3e35ad6f53971a9834bf9e6786e2adf72b5f1921cc9a9c5fde073d2972944076"
url = "https://github.com/oven-sh/bun/releases/download/bun-v1.3.14/bun-darwin-x64-baseline.zip"

[[tools.chezmoi]]
version = "2.71.0"
backend = "aqua:twpayne/chezmoi"

[tools.chezmoi."platforms.macos-arm64"]
checksum = "sha256:8b03d7be6b5d500a503c712ae6da7dd6817b6c3328223b4ae8be7a8be5a2fa3a"
url = "https://github.com/twpayne/chezmoi/releases/download/v2.71.0/chezmoi_2.71.0_darwin_arm64.tar.gz"
url_api = "https://api.github.com/repos/twpayne/chezmoi/releases/assets/469677947"
provenance = "cosign"

[tools.chezmoi."platforms.macos-x64"]
checksum = "sha256:12b78b365528597ad701f5117fa71f6c42b5b1e65d8075e19c48472ad81faf30"
url = "https://github.com/twpayne/chezmoi/releases/download/v2.71.0/chezmoi_2.71.0_darwin_amd64.tar.gz"
url_api = "https://api.github.com/repos/twpayne/chezmoi/releases/assets/469677665"
provenance = "cosign"

[[tools.circleci]]
version = "0.1.38646"
backend = "aqua:CircleCI-Public/circleci-cli"

[tools.circleci."platforms.macos-arm64"]
checksum = "sha256:357c851c97c562d146e413c5d07069b89b1c0d0cc74422c6c8a22bc77b4ab944"
url = "https://github.com/CircleCI-Public/circleci-cli/releases/download/v0.1.38646/circleci-cli_0.1.38646_darwin_arm64.tar.gz"
url_api = "https://api.github.com/repos/CircleCI-Public/circleci-cli/releases/assets/437360593"

[tools.circleci."platforms.macos-x64"]
checksum = "sha256:babf077177a83264ec27eae40182895e63e6de0da257f595c390d33ede68f96f"
url = "https://github.com/CircleCI-Public/circleci-cli/releases/download/v0.1.38646/circleci-cli_0.1.38646_darwin_amd64.tar.gz"
url_api = "https://api.github.com/repos/CircleCI-Public/circleci-cli/releases/assets/437360594"

[[tools.codex]]
version = "0.144.4"
backend = "aqua:openai/codex"

[tools.codex."platforms.macos-arm64"]
checksum = "sha256:312e6fa2826596fb23cc1193c30d51902b6522c36ccc43b36417590e0ebd533d"
url = "https://github.com/openai/codex/releases/download/rust-v0.144.4/codex-package-aarch64-apple-darwin.tar.gz"
url_api = "https://api.github.com/repos/openai/codex/releases/assets/476297059"

[tools.codex."platforms.macos-x64"]
checksum = "sha256:666671fbe761fe1fd57d74e725c5a306729f81f4fbefc16a01a0595e69864d41"
url = "https://github.com/openai/codex/releases/download/rust-v0.144.4/codex-package-x86_64-apple-darwin.tar.gz"
url_api = "https://api.github.com/repos/openai/codex/releases/assets/476296983"

[[tools.colima]]
version = "0.10.3"
backend = "aqua:abiosoft/colima"

[tools.colima."platforms.macos-arm64"]
checksum = "sha256:980ad8bf61a4ca370243f4cb41401a61276dcd2c2502bee7b9b86f9250169f34"
url = "https://github.com/abiosoft/colima/releases/download/v0.10.3/colima-Darwin-arm64"
url_api = "https://api.github.com/repos/abiosoft/colima/releases/assets/438456725"

[tools.colima."platforms.macos-x64"]
checksum = "sha256:3082737fe8a98afda11cba7d9a20b6e56fe80c6153464beda04bec630758770b"
url = "https://github.com/abiosoft/colima/releases/download/v0.10.3/colima-Darwin-x86_64"
url_api = "https://api.github.com/repos/abiosoft/colima/releases/assets/438456722"

[[tools.copilot]]
version = "1.0.71"
backend = "aqua:github/copilot-cli"

[tools.copilot."platforms.macos-arm64"]
checksum = "sha256:0ef20b0308b6e23e9d44c143bf075ee7d29acbbbc3847bacb8e29623f2d24389"
url = "https://github.com/github/copilot-cli/releases/download/v1.0.71/copilot-darwin-arm64.tar.gz"
url_api = "https://api.github.com/repos/github/copilot-cli/releases/assets/478631356"

[tools.copilot."platforms.macos-x64"]
checksum = "sha256:27cc84056a3d7b5ae46909dbffff635ef03d43d6636a1d90f8153706d61b70e2"
url = "https://github.com/github/copilot-cli/releases/download/v1.0.71/copilot-darwin-x64.tar.gz"
url_api = "https://api.github.com/repos/github/copilot-cli/releases/assets/478631355"

[[tools.cspell]]
version = "10.0.1"
backend = "npm:cspell"

[[tools.cue]]
version = "0.17.1"
backend = "aqua:cue-lang/cue"

[tools.cue."platforms.macos-arm64"]
checksum = "sha256:64921403f012a97f89494c03605db2fbf7d9daa77dc2631819ac4406cb2e8074"
url = "https://github.com/cue-lang/cue/releases/download/v0.17.1/cue_v0.17.1_darwin_arm64.tar.gz"
url_api = "https://api.github.com/repos/cue-lang/cue/releases/assets/479014347"

[tools.cue."platforms.macos-x64"]
checksum = "sha256:80aa026c3f47400c7bfc228b3422fd56b7c6c5ea4d70686f8d8f01ced716d3de"
url = "https://github.com/cue-lang/cue/releases/download/v0.17.1/cue_v0.17.1_darwin_amd64.tar.gz"
url_api = "https://api.github.com/repos/cue-lang/cue/releases/assets/479014348"

[[tools.dagger]]
version = "0.21.7"
backend = "aqua:dagger/dagger"

[tools.dagger."platforms.macos-arm64"]
checksum = "sha256:bb1472cd71efe40b9a5d192944eb0b095e8f5566e1879d16864f2d60e79d9c77"
url = "https://github.com/dagger/dagger/releases/download/v0.21.7/dagger_v0.21.7_darwin_arm64.tar.gz"
url_api = "https://api.github.com/repos/dagger/dagger/releases/assets/450438333"

[tools.dagger."platforms.macos-x64"]
checksum = "sha256:883b30499067c68903bd4c53088a70640fd8a3044d2ac02bd7787cfcf365017b"
url = "https://github.com/dagger/dagger/releases/download/v0.21.7/dagger_v0.21.7_darwin_amd64.tar.gz"
url_api = "https://api.github.com/repos/dagger/dagger/releases/assets/450438337"

[[tools.delta]]
version = "0.19.2"
backend = "aqua:dandavison/delta"

[tools.delta."platforms.macos-arm64"]
checksum = "sha256:9be36612a5a13e9e386dc498fb8e50dc87c72ee42b63db0ea05b32f99a72a69a"
url = "https://github.com/dandavison/delta/releases/download/0.19.2/delta-0.19.2-aarch64-apple-darwin.tar.gz"
url_api = "https://api.github.com/repos/dandavison/delta/releases/assets/383662310"

[[tools.eza]]
version = "0.23.4"
backend = "asdf:eza"

[[tools.fd]]
version = "10.4.2"
backend = "aqua:sharkdp/fd"

[tools.fd."platforms.macos-arm64"]
checksum = "sha256:623dc0afc81b92e4d4606b380d7bc91916ba7b97814263e554d50923a39e480a"
url = "https://github.com/sharkdp/fd/releases/download/v10.4.2/fd-v10.4.2-aarch64-apple-darwin.tar.gz"
url_api = "https://api.github.com/repos/sharkdp/fd/releases/assets/370661116"

[[tools.fx]]
version = "39.2.0"
backend = "aqua:antonmedv/fx"

[tools.fx."platforms.macos-arm64"]
checksum = "sha256:5d7dadbf8ac4e4a55b5b6d31bdd958b90823292997ba9ddae395f66417bb4a9b"
url = "https://github.com/antonmedv/fx/releases/download/39.2.0/fx_darwin_arm64"
url_api = "https://api.github.com/repos/antonmedv/fx/releases/assets/315468988"

[tools.fx."platforms.macos-x64"]
checksum = "sha256:2ad7d0a6e1ea67ab10a22cc06825fdc776511e8f412926d1c752b630eac12e02"
url = "https://github.com/antonmedv/fx/releases/download/39.2.0/fx_darwin_amd64"
url_api = "https://api.github.com/repos/antonmedv/fx/releases/assets/315468986"

[[tools.fzf]]
version = "0.74.0"
backend = "aqua:junegunn/fzf"

[tools.fzf."platforms.macos-arm64"]
checksum = "sha256:da60e8980e4239a0fc5f1fcfe873f243dfda93a6a13b696b00e1dc8584a77a87"
url = "https://github.com/junegunn/fzf/releases/download/v0.74.0/fzf-0.74.0-darwin_arm64.tar.gz"
url_api = "https://api.github.com/repos/junegunn/fzf/releases/assets/468106617"

[tools.fzf."platforms.macos-x64"]
checksum = "sha256:e2c470f058ac18615f54c0bebe0fd2956f2aa8e306a11621783a00aaa386eedd"
url = "https://github.com/junegunn/fzf/releases/download/v0.74.0/fzf-0.74.0-darwin_amd64.tar.gz"
url_api = "https://api.github.com/repos/junegunn/fzf/releases/assets/468106579"

[[tools.gh]]
version = "2.96.0"
backend = "aqua:cli/cli"

[tools.gh."platforms.macos-arm64"]
checksum = "sha256:f23a0c37d963aacc3bed703ccbd59b41c5ca22101fab7f00eb2b7cad23aba463"
url = "https://github.com/cli/cli/releases/download/v2.96.0/gh_2.96.0_macOS_arm64.zip"
url_api = "https://api.github.com/repos/cli/cli/releases/assets/464728562"
provenance = "github-attestations"

[tools.gh."platforms.macos-x64"]
checksum = "sha256:4bd449df9ad639391bc62b8032546f0fe9edcd8526e06682a4f88abd8c5d163c"
url = "https://github.com/cli/cli/releases/download/v2.96.0/gh_2.96.0_macOS_amd64.zip"
url_api = "https://api.github.com/repos/cli/cli/releases/assets/464728560"
provenance = "github-attestations"

[[tools."github:jnsahaj/lumen"]]
version = "2.32.0"
backend = "github:jnsahaj/lumen"

[tools."github:jnsahaj/lumen"."platforms.macos-arm64"]
checksum = "sha256:45377ec96f28f9b9c1831cb52fd5d21e3f8bc58c2f1dd8abb79ba44d3ef33537"
url = "https://github.com/jnsahaj/lumen/releases/download/v2.32.0/lumen-aarch64-apple-darwin.tar.gz"
url_api = "https://api.github.com/repos/jnsahaj/lumen/releases/assets/479707243"
provenance = "github-attestations"

[tools."github:jnsahaj/lumen"."platforms.macos-x64"]
checksum = "sha256:254010a118fb225565589c56411d51b27521fcc5a9b94a5dcf9a2fe706d92e96"
url = "https://github.com/jnsahaj/lumen/releases/download/v2.32.0/lumen-x86_64-apple-darwin.tar.gz"
url_api = "https://api.github.com/repos/jnsahaj/lumen/releases/assets/479707251"
provenance = "github-attestations"

[[tools."github:lusingander/serie"]]
version = "0.8.0"
backend = "github:lusingander/serie"

[tools."github:lusingander/serie"."platforms.macos-arm64"]
checksum = "sha256:210508902e589977e7dc6ecbbe0cee9cb735a90eeb5d4e24ff84cde0fa188cbd"
url = "https://github.com/lusingander/serie/releases/download/v0.8.0/serie-0.8.0-aarch64-apple-darwin.tar.gz"
url_api = "https://api.github.com/repos/lusingander/serie/releases/assets/410383031"
provenance = "github-attestations"

[tools."github:lusingander/serie"."platforms.macos-x64"]
checksum = "sha256:ab288fe2e40b0af1870e5dfe12272b05be5d065c9786170c5e9d6eefd7d738cd"
url = "https://github.com/lusingander/serie/releases/download/v0.8.0/serie-0.8.0-x86_64-apple-darwin.tar.gz"
url_api = "https://api.github.com/repos/lusingander/serie/releases/assets/410383030"
provenance = "github-attestations"

[[tools."github:sinelaw/fresh"]]
version = "0.4.4"
backend = "github:sinelaw/fresh"

[tools."github:sinelaw/fresh"."platforms.macos-arm64"]
checksum = "sha256:6f233c64375bc0643ad22ae13df96d069fa134ae6d0886602d90a7b2a2c252a7"
url = "https://github.com/sinelaw/fresh/releases/download/v0.4.4/fresh-editor-aarch64-apple-darwin.tar.xz"
url_api = "https://api.github.com/repos/sinelaw/fresh/releases/assets/479696914"
provenance = "github-attestations"

[tools."github:sinelaw/fresh"."platforms.macos-x64"]
checksum = "sha256:b6f1f0f1cabd672714215b56c957ca2dae152b3968835b5f568980eb84d66438"
url = "https://github.com/sinelaw/fresh/releases/download/v0.4.4/fresh-editor-x86_64-apple-darwin.tar.xz"
url_api = "https://api.github.com/repos/sinelaw/fresh/releases/assets/479696912"
provenance = "github-attestations"

[[tools."github:terror/just-lsp"]]
version = "0.4.8"
backend = "github:terror/just-lsp"

[tools."github:terror/just-lsp"."platforms.macos-arm64"]
checksum = "sha256:fd6792887e42c7cbf48d24e949d2b144eb99574c6588f8f20f5224c6db52ebb0"
url = "https://github.com/terror/just-lsp/releases/download/0.4.8/just-lsp-0.4.8-aarch64-apple-darwin.tar.gz"
url_api = "https://api.github.com/repos/terror/just-lsp/releases/assets/471907065"

[tools."github:terror/just-lsp"."platforms.macos-x64"]
checksum = "sha256:cbe8ea96947fa690dfb59955672d33ff3630416d0d651181e8259b733583738e"
url = "https://github.com/terror/just-lsp/releases/download/0.4.8/just-lsp-0.4.8-x86_64-apple-darwin.tar.gz"
url_api = "https://api.github.com/repos/terror/just-lsp/releases/assets/471906945"

[[tools.gitui]]
version = "0.28.1"
backend = "aqua:extrawurst/gitui"

[tools.gitui."platforms.macos-arm64"]
checksum = "sha256:3b519a593383841289361bacf579d4a222169aa7ebbdeae6cc449d488d8bb967"
url = "https://github.com/gitui-org/gitui/releases/download/v0.28.1/gitui-mac.tar.gz"
url_api = "https://api.github.com/repos/gitui-org/gitui/releases/assets/380793603"

[tools.gitui."platforms.macos-x64"]
checksum = "sha256:3b519a593383841289361bacf579d4a222169aa7ebbdeae6cc449d488d8bb967"
url = "https://github.com/gitui-org/gitui/releases/download/v0.28.1/gitui-mac.tar.gz"
url_api = "https://api.github.com/repos/gitui-org/gitui/releases/assets/380793603"

[[tools.glow]]
version = "2.1.2"
backend = "aqua:charmbracelet/glow"

[tools.glow."platforms.macos-arm64"]
checksum = "sha256:6f7abfb47de69fbf7b0e67d2fa019cc554916e8b6694f9877212be89fc7ebb8c"
url = "https://github.com/charmbracelet/glow/releases/download/v2.1.2/glow_2.1.2_Darwin_arm64.tar.gz"
url_api = "https://api.github.com/repos/charmbracelet/glow/releases/assets/392672279"
provenance = "cosign"

[tools.glow."platforms.macos-x64"]
checksum = "sha256:8cbc78a4947c68e804edf34d36070153fcc5d424873152da83ad6be14fa88ed3"
url = "https://github.com/charmbracelet/glow/releases/download/v2.1.2/glow_2.1.2_Darwin_x86_64.tar.gz"
url_api = "https://api.github.com/repos/charmbracelet/glow/releases/assets/392672278"
provenance = "cosign"

[[tools.go]]
version = "1.26.5"
backend = "core:go"

[tools.go."platforms.macos-arm64"]
checksum = "sha256:efb87ff28af9a188d0536ef5d42e63dd52ba8263cd7344a993cc48dd11dedb6a"
url = "https://dl.google.com/go/go1.26.5.darwin-arm64.tar.gz"

[tools.go."platforms.macos-x64"]
checksum = "sha256:6231d8d3b8f5552ec6cbf6d685bdd5482e1e703214b120e89b3bf0d7bf1ef725"
url = "https://dl.google.com/go/go1.26.5.darwin-amd64.tar.gz"

[[tools."go:golang.org/x/tools/gopls"]]
version = "0.23.0"
backend = "go:golang.org/x/tools/gopls"

[[tools."go:golang.org/x/vuln/cmd/govulncheck"]]
version = "1.6.0"
backend = "go:golang.org/x/vuln/cmd/govulncheck"

[[tools.golangci-lint]]
version = "2.12.2"
backend = "aqua:golangci/golangci-lint"

[tools.golangci-lint."platforms.macos-arm64"]
checksum = "sha256:a9c54498731b3128f79e090be6110f3e5fffccc617b08142ed244d4126c73f29"
url = "https://github.com/golangci/golangci-lint/releases/download/v2.12.2/golangci-lint-2.12.2-darwin-arm64.tar.gz"
url_api = "https://api.github.com/repos/golangci/golangci-lint/releases/assets/413470950"
provenance = "github-attestations"

[tools.golangci-lint."platforms.macos-x64"]
checksum = "sha256:f6f06d94b6241521c53d15450c5209b028270bf966f842afb11c030c79f5bc16"
url = "https://github.com/golangci/golangci-lint/releases/download/v2.12.2/golangci-lint-2.12.2-darwin-amd64.tar.gz"
url_api = "https://api.github.com/repos/golangci/golangci-lint/releases/assets/413470980"
provenance = "github-attestations"

[[tools.goreleaser]]
version = "2.17.0"
backend = "aqua:goreleaser/goreleaser"

[tools.goreleaser."platforms.macos-arm64"]
checksum = "sha256:4106ff54bcaa1d387d3317047169da28aed6ce36c8e035e76cf35ba349db06ef"
url = "https://github.com/goreleaser/goreleaser/releases/download/v2.17.0/goreleaser_Darwin_all.tar.gz"
url_api = "https://api.github.com/repos/goreleaser/goreleaser/releases/assets/466714160"
provenance = "github-attestations"

[tools.goreleaser."platforms.macos-x64"]
checksum = "sha256:4106ff54bcaa1d387d3317047169da28aed6ce36c8e035e76cf35ba349db06ef"
url = "https://github.com/goreleaser/goreleaser/releases/download/v2.17.0/goreleaser_Darwin_all.tar.gz"
url_api = "https://api.github.com/repos/goreleaser/goreleaser/releases/assets/466714160"
provenance = "github-attestations"

[[tools.gum]]
version = "0.17.0"
backend = "aqua:charmbracelet/gum"

[tools.gum."platforms.macos-arm64"]
checksum = "sha256:e2a4b8596efa05821d8c58d0c1afbcd7ad1699ba69c689cc3ff23a4a99c8b237"
url = "https://github.com/charmbracelet/gum/releases/download/v0.17.0/gum_0.17.0_Darwin_arm64.tar.gz"
url_api = "https://api.github.com/repos/charmbracelet/gum/releases/assets/290080948"

[tools.gum."platforms.macos-x64"]
checksum = "sha256:cd66576aeebe6cd19c771863c7e8d696e0e1d5387d1e7075666baa67c2052e53"
url = "https://github.com/charmbracelet/gum/releases/download/v0.17.0/gum_0.17.0_Darwin_x86_64.tar.gz"
url_api = "https://api.github.com/repos/charmbracelet/gum/releases/assets/290080970"

[[tools.helm]]
version = "4.2.3"
backend = "aqua:helm/helm"

[tools.helm."platforms.macos-arm64"]
checksum = "sha256:048ecf5ad3160f83d918f9fe945238d2132b079640f7b106175331c25f242c64"
url = "https://get.helm.sh/helm-v4.2.3-darwin-arm64.tar.gz"

[tools.helm."platforms.macos-x64"]
checksum = "sha256:ff3ac86755a45f3422473bc1200776aac0fe04c5766abe6ca66699f7b564b23b"
url = "https://get.helm.sh/helm-v4.2.3-darwin-amd64.tar.gz"

[[tools.herdr]]
version = "0.7.4"
backend = "aqua:ogulcancelik/herdr"

[tools.herdr."platforms.macos-arm64"]
checksum = "sha256:24992e1625dbdcb18354a59e299e4b263c312400b31396cdc07cd46ed57f24a7"
url = "https://github.com/ogulcancelik/herdr/releases/download/v0.7.4/herdr-macos-aarch64"
url_api = "https://api.github.com/repos/ogulcancelik/herdr/releases/assets/478145773"

[tools.herdr."platforms.macos-x64"]
checksum = "sha256:ddf430133352e1712413d5d865b34a485546f4658893fc89986257d65a7585a8"
url = "https://github.com/ogulcancelik/herdr/releases/download/v0.7.4/herdr-macos-x86_64"
url_api = "https://api.github.com/repos/ogulcancelik/herdr/releases/assets/478145775"

[[tools.hunk]]
version = "0.17.1"
backend = "aqua:modem-dev/hunk"

[tools.hunk."platforms.macos-arm64"]
checksum = "sha256:62c16d04c5c52ff45f7f1ad56e9aa9cc09508d45664733e16f6890d0233b9ff9"
url = "https://github.com/modem-dev/hunk/releases/download/v0.17.1/hunkdiff-darwin-arm64.tar.gz"
url_api = "https://api.github.com/repos/modem-dev/hunk/releases/assets/477896746"

[tools.hunk."platforms.macos-x64"]
checksum = "sha256:4513e9b92c3991b2774deafbb9faef87d728ac0a0e8d560e1a6b5b3da1021862"
url = "https://github.com/modem-dev/hunk/releases/download/v0.17.1/hunkdiff-darwin-x64.tar.gz"
url_api = "https://api.github.com/repos/modem-dev/hunk/releases/assets/477896749"

[[tools.jq]]
version = "1.8.2"
backend = "aqua:jqlang/jq"

[tools.jq."platforms.macos-arm64"]
checksum = "sha256:2d75340ba57a4b4b4c8708a21c2dc8e958a48aaa8bba13b27f77f6e4c0eca07e"
url = "https://github.com/jqlang/jq/releases/download/jq-1.8.2/jq-macos-arm64"
url_api = "https://api.github.com/repos/jqlang/jq/releases/assets/453012783"
provenance = "github-attestations"

[tools.jq."platforms.macos-x64"]
checksum = "sha256:e94b266e3c26690550006abe63152b782280f4e14374accdf04cbde844f00bc0"
url = "https://github.com/jqlang/jq/releases/download/jq-1.8.2/jq-macos-amd64"
url_api = "https://api.github.com/repos/jqlang/jq/releases/assets/453012782"
provenance = "github-attestations"

[[tools.just]]
version = "1.56.0"
backend = "aqua:casey/just"

[tools.just."platforms.macos-arm64"]
checksum = "sha256:f35798d4bcdc4db020eef7d2853ad98bbfb97a4d29ee695ba042f18e7fedcc11"
url = "https://github.com/casey/just/releases/download/1.56.0/just-1.56.0-aarch64-apple-darwin.tar.gz"
url_api = "https://api.github.com/repos/casey/just/releases/assets/472074635"

[tools.just."platforms.macos-x64"]
checksum = "sha256:09b35ff6d17023ffae37ce408d1a78a976d9e001cae54b88e238f7f40db9b783"
url = "https://github.com/casey/just/releases/download/1.56.0/just-1.56.0-x86_64-apple-darwin.tar.gz"
url_api = "https://api.github.com/repos/casey/just/releases/assets/472074650"

[[tools.kubectx]]
version = "0.11.0"
backend = "aqua:ahmetb/kubectx"

[tools.kubectx."platforms.macos-arm64"]
checksum = "sha256:b8c9b5150ca6d902474a115cf7e535831081b9ae10cbe561ea36c82bb3823d02"
url = "https://github.com/ahmetb/kubectx/releases/download/v0.11.0/kubectx_v0.11.0_darwin_arm64.tar.gz"
url_api = "https://api.github.com/repos/ahmetb/kubectx/releases/assets/382590921"

[tools.kubectx."platforms.macos-x64"]
checksum = "sha256:80097893b478c55be51ffe826c172f0fd5095d23cca02adbcbcabc412700a689"
url = "https://github.com/ahmetb/kubectx/releases/download/v0.11.0/kubectx_v0.11.0_darwin_x86_64.tar.gz"
url_api = "https://api.github.com/repos/ahmetb/kubectx/releases/assets/382590964"

[[tools.kubens]]
version = "0.11.0"
backend = "aqua:ahmetb/kubectx/kubens"

[tools.kubens."platforms.macos-arm64"]
checksum = "sha256:b1c87ddca22f1afc3e980ac807a715cd1183750022798d28a0a4e0cf66bec4e3"
url = "https://github.com/ahmetb/kubectx/releases/download/v0.11.0/kubens_v0.11.0_darwin_arm64.tar.gz"
url_api = "https://api.github.com/repos/ahmetb/kubectx/releases/assets/382591004"

[tools.kubens."platforms.macos-x64"]
checksum = "sha256:9dbe1bf26fd911f2f56661a2f34bf2fe32dfd3af5f11287d0a864da92a746509"
url = "https://github.com/ahmetb/kubectx/releases/download/v0.11.0/kubens_v0.11.0_darwin_x86_64.tar.gz"
url_api = "https://api.github.com/repos/ahmetb/kubectx/releases/assets/382590987"

[[tools.lazygit]]
version = "0.63.1"
backend = "aqua:jesseduffield/lazygit"

[tools.lazygit."platforms.macos-arm64"]
checksum = "sha256:b963e9d0a1f4649708c594ac6c999cdcd435f8e679e220e78e87c4642badedd6"
url = "https://github.com/jesseduffield/lazygit/releases/download/v0.63.1/lazygit_0.63.1_darwin_arm64.tar.gz"
url_api = "https://api.github.com/repos/jesseduffield/lazygit/releases/assets/477867701"

[tools.lazygit."platforms.macos-x64"]
checksum = "sha256:5cc02389cc189b1146aa330615f0c547996395ca7661e56f946670947e803006"
url = "https://github.com/jesseduffield/lazygit/releases/download/v0.63.1/lazygit_0.63.1_darwin_x86_64.tar.gz"
url_api = "https://api.github.com/repos/jesseduffield/lazygit/releases/assets/477867703"

[[tools.lima]]
version = "2.1.4"
backend = "aqua:lima-vm/lima"

[tools.lima."platforms.macos-arm64"]
checksum = "sha256:14c5b283f1c5eb4078e5a300b8d241f69197a3e41326dfc685a69c9455917acf"
url = "https://github.com/lima-vm/lima/releases/download/v2.1.4/lima-2.1.4-Darwin-arm64.tar.gz"
url_api = "https://api.github.com/repos/lima-vm/lima/releases/assets/464870649"
provenance = "github-attestations"

[tools.lima."platforms.macos-x64"]
checksum = "sha256:57f319f2d2b3e781cdceaaf58efc0cae92e31ccc774fee988df438c3a22feb45"
url = "https://github.com/lima-vm/lima/releases/download/v2.1.4/lima-2.1.4-Darwin-x86_64.tar.gz"
url_api = "https://api.github.com/repos/lima-vm/lima/releases/assets/464870648"
provenance = "github-attestations"

[[tools.minikube]]
version = "1.38.1"
backend = "aqua:kubernetes/minikube"

[tools.minikube."platforms.macos-arm64"]
checksum = "sha256:f9b0c70bb7daf38c683c0b6e46dc1b612600247ae826bf74576807746a919ee8"
url = "https://github.com/kubernetes/minikube/releases/download/v1.38.1/minikube-darwin-arm64"
url_api = "https://api.github.com/repos/kubernetes/minikube/releases/assets/358743776"

[tools.minikube."platforms.macos-x64"]
checksum = "sha256:db11dffba835609988e4e98c3a91a38653ce66ddfa8ea3aaea92d87c54a0a348"
url = "https://github.com/kubernetes/minikube/releases/download/v1.38.1/minikube-darwin-amd64"
url_api = "https://api.github.com/repos/kubernetes/minikube/releases/assets/358741589"

[[tools.node]]
version = "24.18.0"
backend = "core:node"

[tools.node."platforms.macos-arm64"]
checksum = "sha256:e1a97e14c99c803e96c7339403282ea05a499c32f8d83defe9ef5ec66f979ed1"
url = "https://nodejs.org/dist/v24.18.0/node-v24.18.0-darwin-arm64.tar.gz"

[tools.node."platforms.macos-x64"]
checksum = "sha256:dfd0dbd3e721503434df7b7205e719f61b3a3a31b2bcf9729b8b91fea240f080"
url = "https://nodejs.org/dist/v24.18.0/node-v24.18.0-darwin-x64.tar.gz"

[[tools."npm:9router"]]
version = "0.5.35"
backend = "npm:9router"

[[tools."npm:@colbymchenry/codegraph"]]
version = "1.4.1"
backend = "npm:@colbymchenry/codegraph"

[[tools."npm:@kilocode/cli"]]
version = "7.4.11"
backend = "npm:@kilocode/cli"

[[tools."npm:@marp-team/marp-cli"]]
version = "4.4.1"
backend = "npm:@marp-team/marp-cli"

[[tools."npm:@mermaid-js/mermaid-cli"]]
version = "11.16.0"
backend = "npm:@mermaid-js/mermaid-cli"

[[tools."npm:@robzolkos/lazypi"]]
version = "0.6.3"
backend = "npm:@robzolkos/lazypi"

[[tools."npm:@slidev/cli"]]
version = "52.18.0"
backend = "npm:@slidev/cli"

[[tools."npm:@z_ai/coding-helper"]]
version = "0.0.7"
backend = "npm:@z_ai/coding-helper"

[[tools."npm:cline"]]
version = "3.0.44"
backend = "npm:cline"

[[tools."npm:cspell"]]
version = "10.0.1"
backend = "npm:cspell"

[[tools."npm:openskills"]]
version = "1.5.0"
backend = "npm:openskills"

[[tools."npm:postman-cli"]]
version = "1.43.0"
backend = "npm:postman-cli"

[[tools."npm:slop-scan"]]
version = "0.3.0"
backend = "npm:slop-scan"

[[tools."npm:tokscale"]]
version = "4.5.3"
backend = "npm:tokscale"

[[tools.opencode]]
version = "1.18.3"
backend = "aqua:anomalyco/opencode"

[tools.opencode."platforms.macos-arm64"]
checksum = "sha256:946f62b155638b911144b7bef520ee4a6442f696297907873463bca3524e40ef"
url = "https://github.com/anomalyco/opencode/releases/download/v1.18.3/opencode-darwin-arm64.zip"
url_api = "https://api.github.com/repos/anomalyco/opencode/releases/assets/479301949"

[tools.opencode."platforms.macos-x64"]
checksum = "sha256:4ea147867ba19e4ec03559df557811f1674f40788aea4d10326dc563b7667c6d"
url = "https://github.com/anomalyco/opencode/releases/download/v1.18.3/opencode-darwin-x64.zip"
url_api = "https://api.github.com/repos/anomalyco/opencode/releases/assets/479301954"

[[tools.pi]]
version = "0.80.10"
backend = "aqua:earendil-works/pi"

[tools.pi."platforms.macos-arm64"]
checksum = "sha256:4406ed227c486f2e3c16cf14f793dc3ad46b5d01bf69135a2424cffa58a9a34b"
url = "https://github.com/earendil-works/pi/releases/download/v0.80.10/pi-darwin-arm64.tar.gz"
url_api = "https://api.github.com/repos/earendil-works/pi/releases/assets/479689739"

[tools.pi."platforms.macos-x64"]
checksum = "sha256:892b3f385ae6779299c07a25d9280183897fcf755f7226f6b36c70d268f321be"
url = "https://github.com/earendil-works/pi/releases/download/v0.80.10/pi-darwin-x64.tar.gz"
url_api = "https://api.github.com/repos/earendil-works/pi/releases/assets/479689740"

[[tools.pnpm]]
version = "11.13.1"
backend = "aqua:pnpm/pnpm"

[tools.pnpm."platforms.macos-arm64"]
checksum = "sha256:765c2bf04e8129cb58c0f946e324262e418370b35a203b50b1f06a0567ef8bc1"
url = "https://github.com/pnpm/pnpm/releases/download/v11.13.1/pnpm-darwin-arm64.tar.gz"
url_api = "https://api.github.com/repos/pnpm/pnpm/releases/assets/478563984"
provenance = "github-attestations"

[[tools.python]]
version = "3.14.6"
backend = "core:python"

[tools.python."platforms.macos-arm64"]
checksum = "sha256:35d774f61d63c1fd4f1bc9495a7ada92e500dc4382a0df8a9910eb87ea48e8cf"
url = "https://github.com/astral-sh/python-build-standalone/releases/download/20260623/cpython-3.14.6+20260623-aarch64-apple-darwin-install_only_stripped.tar.gz"
provenance = "github-attestations"

[tools.python."platforms.macos-x64"]
checksum = "sha256:12fb3ea3d6a855fe6ca1c2241702b06cb7e5939fbef09a5f54bf326e480f66af"
url = "https://github.com/astral-sh/python-build-standalone/releases/download/20260623/cpython-3.14.6+20260623-x86_64-apple-darwin-install_only_stripped.tar.gz"
provenance = "github-attestations"

[[tools.rclone]]
version = "1.74.4"
backend = "aqua:rclone/rclone"

[tools.rclone."platforms.macos-arm64"]
checksum = "sha256:c2100e2d4a4b3be04c55cd45380cafe7647e1ad772bb055f52f00876ed701167"
url = "https://github.com/rclone/rclone/releases/download/v1.74.4/rclone-v1.74.4-osx-arm64.zip"
url_api = "https://api.github.com/repos/rclone/rclone/releases/assets/470554897"

[tools.rclone."platforms.macos-x64"]
checksum = "sha256:4188aa84043d7a6240912923f47639a9d2da21f3b40a521c065c8d92e66563f6"
url = "https://github.com/rclone/rclone/releases/download/v1.74.4/rclone-v1.74.4-osx-amd64.zip"
url_api = "https://api.github.com/repos/rclone/rclone/releases/assets/470554605"

[[tools.rg]]
version = "15.2.0"
backend = "aqua:BurntSushi/ripgrep"

[tools.rg."platforms.macos-arm64"]
checksum = "sha256:3750b2e93f37e0c692657da574d7019a101c0084da05a790c83fd335bad973e4"
url = "https://github.com/BurntSushi/ripgrep/releases/download/15.2.0/ripgrep-15.2.0-aarch64-apple-darwin.tar.gz"
url_api = "https://api.github.com/repos/BurntSushi/ripgrep/releases/assets/478118851"

[tools.rg."platforms.macos-x64"]
checksum = "sha256:af7825fcc69a2afc7a7aea55fc9af90e26421d8f20fe59df32e233c0b8a231c1"
url = "https://github.com/BurntSushi/ripgrep/releases/download/15.2.0/ripgrep-15.2.0-x86_64-apple-darwin.tar.gz"
url_api = "https://api.github.com/repos/BurntSushi/ripgrep/releases/assets/478119585"

[[tools.rust]]
version = "1.97.1"
backend = "core:rust"

[[tools.saml2aws]]
version = "2.36.19"
backend = "aqua:Versent/saml2aws"

[tools.saml2aws."platforms.macos-arm64"]
checksum = "sha256:a243b1453c41930b0083b5841658ab8b4186dfa5a0e71a724159884634d79644"
url = "https://github.com/Versent/saml2aws/releases/download/v2.36.19/saml2aws_2.36.19_darwin_arm64.tar.gz"
url_api = "https://api.github.com/repos/Versent/saml2aws/releases/assets/237266594"

[tools.saml2aws."platforms.macos-x64"]
checksum = "sha256:95ea25517e283397009ffb512b0d72b65e11aa7fc18cc0c4558f09d29224caf9"
url = "https://github.com/Versent/saml2aws/releases/download/v2.36.19/saml2aws_2.36.19_darwin_amd64.tar.gz"
url_api = "https://api.github.com/repos/Versent/saml2aws/releases/assets/237266593"

[[tools.starship]]
version = "1.26.0"
backend = "aqua:starship/starship"

[tools.starship."platforms.macos-arm64"]
checksum = "sha256:c40b27b11f580411e068f2fa6c1be7830a387c0bc47a94d1d37f32b054c5361d"
url = "https://github.com/starship/starship/releases/download/v1.26.0/starship-aarch64-apple-darwin.tar.gz"
url_api = "https://api.github.com/repos/starship/starship/releases/assets/460374577"

[tools.starship."platforms.macos-x64"]
checksum = "sha256:5548f406a4b6f5695903bdea83f77ce47ec12c8c0e62dabd33122d8f133e4207"
url = "https://github.com/starship/starship/releases/download/v1.26.0/starship-x86_64-apple-darwin.tar.gz"
url_api = "https://api.github.com/repos/starship/starship/releases/assets/460374608"

[[tools.superfile]]
version = "1.6.0"
backend = "aqua:yorukot/superfile"

[tools.superfile."platforms.macos-arm64"]
checksum = "sha256:131f654e7f8366fd37dbe9363739f8d82e57ff3f632f45963cd233c049cfad2a"
url = "https://github.com/yorukot/superfile/releases/download/v1.6.0/superfile-darwin-v1.6.0-arm64.tar.gz"
url_api = "https://api.github.com/repos/yorukot/superfile/releases/assets/441063713"

[tools.superfile."platforms.macos-x64"]
checksum = "sha256:c08544196ff21fc415ae7cffc800d8400914af647e44eb2613968c09d5868d90"
url = "https://github.com/yorukot/superfile/releases/download/v1.6.0/superfile-darwin-v1.6.0-amd64.tar.gz"
url_api = "https://api.github.com/repos/yorukot/superfile/releases/assets/441063718"

[[tools.tombi]]
version = "1.2.1"
backend = "aqua:tombi-toml/tombi"

[tools.tombi."platforms.macos-arm64"]
checksum = "sha256:912a25882f5698fe92e6e3149fa19725108f1ffd086c4bd40b2cc8eea1a4bc33"
url = "https://github.com/tombi-toml/tombi/releases/download/v1.2.1/tombi-cli-1.2.1-aarch64-apple-darwin.tar.gz"
url_api = "https://api.github.com/repos/tombi-toml/tombi/releases/assets/480573782"
provenance = "github-attestations"

[tools.tombi."platforms.macos-x64"]
checksum = "sha256:8478f77faf33dd9c7cda342f747acab7107ea69a9d7cc39623e083b759540cce"
url = "https://github.com/tombi-toml/tombi/releases/download/v1.2.1/tombi-cli-1.2.1-x86_64-apple-darwin.tar.gz"
url_api = "https://api.github.com/repos/tombi-toml/tombi/releases/assets/480573783"
provenance = "github-attestations"

[[tools.trivy]]
version = "0.72.0"
backend = "aqua:aquasecurity/trivy"

[tools.trivy."platforms.macos-arm64"]
checksum = "sha256:88f208680dc05da2b459e19b4f5aa2b4dc7c2117892ba4aab2ae63baba330016"
url = "https://github.com/aquasecurity/trivy/releases/download/v0.72.0/trivy_0.72.0_macOS-ARM64.tar.gz"
url_api = "https://api.github.com/repos/aquasecurity/trivy/releases/assets/462015117"
provenance = "cosign"

[tools.trivy."platforms.macos-x64"]
checksum = "sha256:ee5e60df8a98e5b89fd74a6d86f9e5c7e9a266a35002cb1e43291698b3bfee08"
url = "https://github.com/aquasecurity/trivy/releases/download/v0.72.0/trivy_0.72.0_macOS-64bit.tar.gz"
url_api = "https://api.github.com/repos/aquasecurity/trivy/releases/assets/462015094"
provenance = "cosign"

[[tools.typos]]
version = "1.48.0"
backend = "aqua:crate-ci/typos"

[tools.typos."platforms.macos-arm64"]
checksum = "sha256:7dcaf386ec255995dcbaf629641f961574b7e8785203921115eab75cbf1ca107"
url = "https://github.com/crate-ci/typos/releases/download/v1.48.0/typos-v1.48.0-aarch64-apple-darwin.tar.gz"
url_api = "https://api.github.com/repos/crate-ci/typos/releases/assets/462430254"

[tools.typos."platforms.macos-x64"]
checksum = "sha256:f4335c255db3d57374484e0e96505c8910c0e2fa6d8813b15de529c98f93b1a9"
url = "https://github.com/crate-ci/typos/releases/download/v1.48.0/typos-v1.48.0-x86_64-apple-darwin.tar.gz"
url_api = "https://api.github.com/repos/crate-ci/typos/releases/assets/462431306"

[[tools.typst]]
version = "0.15.1"
backend = "aqua:typst/typst"

[tools.typst."platforms.macos-arm64"]
checksum = "sha256:48f62ed034aa3a7978309579ac6ca00045e2ef0da73114e8af27cfd8e74dc05a"
url = "https://github.com/typst/typst/releases/download/v0.15.1/typst-aarch64-apple-darwin.tar.xz"
url_api = "https://api.github.com/repos/typst/typst/releases/assets/480299147"

[tools.typst."platforms.macos-x64"]
checksum = "sha256:7f9fdd9584866245de9a79e0add8f9236fae6f40a8a45e2c4771ccc14db4e0fa"
url = "https://github.com/typst/typst/releases/download/v0.15.1/typst-x86_64-apple-darwin.tar.xz"
url_api = "https://api.github.com/repos/typst/typst/releases/assets/480300018"

[[tools.uv]]
version = "0.11.29"
backend = "aqua:astral-sh/uv"

[tools.uv."platforms.macos-arm64"]
checksum = "sha256:61c04acc52a33ef0f331e494bdfbedcdb6c26c6970c022ed3699e5860f8930e3"
url = "https://github.com/astral-sh/uv/releases/download/0.11.29/uv-aarch64-apple-darwin.tar.gz"
url_api = "https://api.github.com/repos/astral-sh/uv/releases/assets/478261245"
provenance = "github-attestations"

[tools.uv."platforms.macos-x64"]
checksum = "sha256:c4c4de482da9ccdd076dc4fb5cfe7b740609029385c72f58606be3153602387d"
url = "https://github.com/astral-sh/uv/releases/download/0.11.29/uv-x86_64-apple-darwin.tar.gz"
url_api = "https://api.github.com/repos/astral-sh/uv/releases/assets/478261331"
provenance = "github-attestations"

[[tools.watchexec]]
version = "2.5.1"
backend = "aqua:watchexec/watchexec"

[tools.watchexec."platforms.macos-arm64"]
checksum = "sha256:c5e405dd1109940b2510398d2182990c1be59063b94e11d7ace9c7b435cb1df1"
url = "https://github.com/watchexec/watchexec/releases/download/v2.5.1/watchexec-2.5.1-aarch64-apple-darwin.tar.xz"
url_api = "https://api.github.com/repos/watchexec/watchexec/releases/assets/384489930"

[tools.watchexec."platforms.macos-x64"]
checksum = "sha256:bb74bf33286ff7f31dd8e763e017fbc0418360d88baefd35bc57d662d28394e2"
url = "https://github.com/watchexec/watchexec/releases/download/v2.5.1/watchexec-2.5.1-x86_64-apple-darwin.tar.xz"
url_api = "https://api.github.com/repos/watchexec/watchexec/releases/assets/384489931"

[[tools.worktrunk]]
version = "0.68.0"
backend = "aqua:max-sixty/worktrunk"

[tools.worktrunk."platforms.macos-arm64"]
checksum = "sha256:9df1029c04ebd197eea0bb088c0232da37d66c3b4d7b23d752c98fbd766f4b2d"
url = "https://github.com/max-sixty/worktrunk/releases/download/v0.68.0/worktrunk-aarch64-apple-darwin.tar.xz"
url_api = "https://api.github.com/repos/max-sixty/worktrunk/releases/assets/478537394"

[tools.worktrunk."platforms.macos-x64"]
checksum = "sha256:35ac1790ad62188ad4d6632d217e014fcb7938e747c2f540a69ca2f258ee784b"
url = "https://github.com/max-sixty/worktrunk/releases/download/v0.68.0/worktrunk-x86_64-apple-darwin.tar.xz"
url_api = "https://api.github.com/repos/max-sixty/worktrunk/releases/assets/478537407"

[[tools.yazi]]
version = "26.5.6"
backend = "aqua:sxyazi/yazi"

[tools.yazi."platforms.macos-arm64"]
checksum = "sha256:7abd71725e2fe27bed036becbf6ce79fa17964eb68491d34190011c94b8c7ca8"
url = "https://github.com/sxyazi/yazi/releases/download/v26.5.6/yazi-aarch64-apple-darwin.zip"
url_api = "https://api.github.com/repos/sxyazi/yazi/releases/assets/412871956"

[tools.yazi."platforms.macos-x64"]
checksum = "sha256:6846066f992c1688d8ec77431a3ab53f5ef268019fcef86e5649b8c27010868d"
url = "https://github.com/sxyazi/yazi/releases/download/v26.5.6/yazi-x86_64-apple-darwin.zip"
url_api = "https://api.github.com/repos/sxyazi/yazi/releases/assets/412871953"

[[tools.yq]]
version = "4.53.3"
backend = "aqua:mikefarah/yq"

[tools.yq."platforms.macos-arm64"]
checksum = "sha256:877de31753a4dd2401aa048937aa9a7fc4d5f6ce858cf31508c5802954297213"
url = "https://github.com/mikefarah/yq/releases/download/v4.53.3/yq_darwin_arm64"
url_api = "https://api.github.com/repos/mikefarah/yq/releases/assets/440146762"
provenance = "cosign"

[tools.yq."platforms.macos-x64"]
checksum = "sha256:b4ba1ecce3c47f00803f4f964de38394326c7a32eb6540616e04fb2935a0f08d"
url = "https://github.com/mikefarah/yq/releases/download/v4.53.3/yq_darwin_amd64"
url_api = "https://api.github.com/repos/mikefarah/yq/releases/assets/440146744"
provenance = "cosign"

[[tools.zellij]]
version = "0.44.3"
backend = "aqua:zellij-org/zellij"

[tools.zellij."platforms.macos-arm64"]
checksum = "sha256:b6acf83a7739cf5f0f4e9bd47709642d4d98acbbf8c34d4a12c6e706f531da61"
url = "https://github.com/zellij-org/zellij/releases/download/v0.44.3/zellij-aarch64-apple-darwin.tar.gz"
url_api = "https://api.github.com/repos/zellij-org/zellij/releases/assets/419107237"

[tools.zellij."platforms.macos-x64"]
checksum = "sha256:59f803faa32cd4e5f316f0dc2d3b7a5530a72553e38ad939286471848a418eeb"
url = "https://github.com/zellij-org/zellij/releases/download/v0.44.3/zellij-x86_64-apple-darwin.tar.gz"
url_api = "https://api.github.com/repos/zellij-org/zellij/releases/assets/419104498"

[[tools.zizmor]]
version = "1.27.0"
backend = "aqua:zizmorcore/zizmor"

[tools.zizmor."platforms.macos-arm64"]
checksum = "sha256:81336423d1b280c5dd0cdd8644a1e5f3238ab3ceb8d6e4334dfd05dab95a8a86"
url = "https://github.com/zizmorcore/zizmor/releases/download/v1.27.0/zizmor-aarch64-apple-darwin.tar.gz"
url_api = "https://api.github.com/repos/zizmorcore/zizmor/releases/assets/476453095"
provenance = "github-attestations"

[tools.zizmor."platforms.macos-x64"]
checksum = "sha256:51cd82d1f6914cbb7f4402dbdc19bd989a7599078e5ddeaf837d1ab901c97328"
url = "https://github.com/zizmorcore/zizmor/releases/download/v1.27.0/zizmor-x86_64-apple-darwin.tar.gz"
url_api = "https://api.github.com/repos/zizmorcore/zizmor/releases/assets/476453098"
provenance = "github-attestations"

[[tools.zoxide]]
version = "0.10.0"
backend = "aqua:ajeetdsouza/zoxide"

[tools.zoxide."platforms.macos-arm64"]
checksum = "sha256:b55ae6f2f5f23d0a6ccb3bd4eeb2af9c7e0a6556e5255c82100e40305129bbb0"
url = "https://github.com/ajeetdsouza/zoxide/releases/download/v0.10.0/zoxide-0.10.0-aarch64-apple-darwin.tar.gz"
url_api = "https://api.github.com/repos/ajeetdsouza/zoxide/releases/assets/466316174"

[tools.zoxide."platforms.macos-x64"]
checksum = "sha256:18ab7ae2633ad6e2ab79a4e665cbba1e95b7c872d44523326efb793202451dad"
url = "https://github.com/ajeetdsouza/zoxide/releases/download/v0.10.0/zoxide-0.10.0-x86_64-apple-darwin.tar.gz"
url_api = "https://api.github.com/repos/ajeetdsouza/zoxide/releases/assets/466316167"
